
Microsoft Visual Studio Solution File, Format Version 12.00
# Visual Studio Version 16
VisualStudioVersion = 16.0.31205.134
MinimumVisualStudioVersion = 10.0.40219.1
Project("{FAE04EC0-301F-11D3-BF4B-00C04F79EFBC}") = "OOXML.Validator", "OOXML.Validator\OOXML.Validator.csproj", "{82AE2A8A-F6D8-4C4A-8253-B9E9939D4CC9}"
EndProject
Global
	GlobalSection(SolutionConfigurationPlatforms) = preSolution
		Debug|Any CPU = Debug|Any CPU
		Release|Any CPU = Release|Any CPU
	EndGlobalSection
	GlobalSection(ProjectConfigurationPlatforms) = postSolution
		{82AE2A8A-F6D8-4C4A-8253-B9E9939D4CC9}.Debug|Any CPU.ActiveCfg = Debug|Any CPU
		{82AE2A8A-F6D8-4C4A-8253-B9E9939D4CC9}.Debug|Any CPU.Build.0 = Debug|Any CPU
		{82AE2A8A-F6D8-4C4A-8253-B9E9939D4CC9}.Release|Any CPU.ActiveCfg = Release|Any CPU
		{82AE2A8A-F6D8-4C4A-8253-B9E9939D4CC9}.Release|Any CPU.Build.0 = Release|Any CPU
	EndGlobalSection
	GlobalSection(SolutionProperties) = preSolution
		HideSolutionNode = FALSE
	EndGlobalSection
	GlobalSection(ExtensibilityGlobals) = postSolution
		SolutionGuid = {153F005A-2FDA-4603-BF51-BDE18C5E8458}
	EndGlobalSection
EndGlobal
